// !$*UTF8*$!
{
	archiveVersion = 1;
	classes = {
	};
	objectVersion = 46;
	objects = {

/* Begin PBXBuildFile section */
		E239E9F21A4837AB00B1F71D /* RDVTabBar.m in Sources */ = {isa = PBXBuildFile; fileRef = E239E9ED1A4837AB00B1F71D /* RDVTabBar.m */; };
		E239E9F31A4837AB00B1F71D /* RDVTabBarController.m in Sources */ = {isa = PBXBuildFile; fileRef = E239E9EF1A4837AB00B1F71D /* RDVTabBarController.m */; };
		E239E9F41A4837AB00B1F71D /* RDVTabBarItem.m in Sources */ = {isa = PBXBuildFile; fileRef = E239E9F11A4837AB00B1F71D /* RDVTabBarItem.m */; };
		E239E9F81A486EA300B1F71D /* LoginViewController.m in Sources */ = {isa = PBXBuildFile; fileRef = E239E9F71A486EA300B1F71D /* LoginViewController.m */; };
		E239E9FC1A493EC800B1F71D /* ServerManager.m in Sources */ = {isa = PBXBuildFile; fileRef = E239E9FB1A493EC800B1F71D /* ServerManager.m */; };
		E239EA001A49A86500B1F71D /* StarRatingView.m in Sources */ = {isa = PBXBuildFile; fileRef = E239E9FF1A49A86500B1F71D /* StarRatingView.m */; };
		E239EA041A4A962600B1F71D /* FXBlurView.m in Sources */ = {isa = PBXBuildFile; fileRef = E239EA031A4A962600B1F71D /* FXBlurView.m */; };
		E239EA061A4A96FA00B1F71D /* Accelerate.framework in Frameworks */ = {isa = PBXBuildFile; fileRef = E239EA051A4A96FA00B1F71D /* Accelerate.framework */; };
		E240195D1A43417800E75EBA /* main.m in Sources */ = {isa = PBXBuildFile; fileRef = E240195C1A43417800E75EBA /* main.m */; };
		E24019601A43417900E75EBA /* AppDelegate.m in Sources */ = {isa = PBXBuildFile; fileRef = E240195F1A43417900E75EBA /* AppDelegate.m */; };
		E24019631A43417900E75EBA /* ViewController.m in Sources */ = {isa = PBXBuildFile; fileRef = E24019621A43417900E75EBA /* ViewController.m */; };
		E24019661A43417900E75EBA /* Main.storyboard in Resources */ = {isa = PBXBuildFile; fileRef = E24019641A43417900E75EBA /* Main.storyboard */; };
		E24019681A43417900E75EBA /* Images.xcassets in Resources */ = {isa = PBXBuildFile; fileRef = E24019671A43417900E75EBA /* Images.xcassets */; };
		E240196B1A43417900E75EBA /* LaunchScreen.xib in Resources */ = {isa = PBXBuildFile; fileRef = E24019691A43417900E75EBA /* LaunchScreen.xib */; };
		E24019771A43417A00E75EBA /* sculzTests.m in Sources */ = {isa = PBXBuildFile; fileRef = E24019761A43417A00E75EBA /* sculzTests.m */; };
		E256C5CC1A828D9E00715970 /* FacebookSDK.framework in Frameworks */ = {isa = PBXBuildFile; fileRef = E256C5CB1A828D9E00715970 /* FacebookSDK.framework */; };
		E256C5D01A8291AC00715970 /* firstPageViewController.m in Sources */ = {isa = PBXBuildFile; fileRef = E256C5CF1A8291AC00715970 /* firstPageViewController.m */; };
		E256C5D21A8494A400715970 /* AddressBook.framework in Frameworks */ = {isa = PBXBuildFile; fileRef = E256C5D11A8494A400715970 /* AddressBook.framework */; };
		E256C5D41A8494B000715970 /* AssetsLibrary.framework in Frameworks */ = {isa = PBXBuildFile; fileRef = E256C5D31A8494B000715970 /* AssetsLibrary.framework */; };
		E256C5D61A8494BE00715970 /* Foundation.framework in Frameworks */ = {isa = PBXBuildFile; fileRef = E256C5D51A8494BE00715970 /* Foundation.framework */; };
		E256C5D81A8494D600715970 /* CoreMotion.framework in Frameworks */ = {isa = PBXBuildFile; fileRef = E256C5D71A8494D600715970 /* CoreMotion.framework */; };
		E256C5DA1A8494E300715970 /* CoreGraphics.framework in Frameworks */ = {isa = PBXBuildFile; fileRef = E256C5D91A8494E300715970 /* CoreGraphics.framework */; };
		E256C5DC1A8494FA00715970 /* MediaPlayer.framework in Frameworks */ = {isa = PBXBuildFile; fileRef = E256C5DB1A8494FA00715970 /* MediaPlayer.framework */; };
		E256C5DE1A84950900715970 /* Security.framework in Frameworks */ = {isa = PBXBuildFile; fileRef = E256C5DD1A84950900715970 /* Security.framework */; };
		E256C5E01A84952100715970 /* UIKit.framework in Frameworks */ = {isa = PBXBuildFile; fileRef = E256C5DF1A84952100715970 /* UIKit.framework */; };
		E256C5E41A8495AA00715970 /* GoogleOpenSource.framework in Frameworks */ = {isa = PBXBuildFile; fileRef = E256C5E31A8495AA00715970 /* GoogleOpenSource.framework */; };
		E256C5E81A8496D400715970 /* GooglePlus.framework in Frameworks */ = {isa = PBXBuildFile; fileRef = E256C5E71A8496D400715970 /* GooglePlus.framework */; };
		E256C5EA1A8496ED00715970 /* GooglePlus.bundle in Resources */ = {isa = PBXBuildFile; fileRef = E256C5E91A8496ED00715970 /* GooglePlus.bundle */; };
		E2C9A7F71A4E995F0029DBA7 /* GoogleMaps.framework in Frameworks */ = {isa = PBXBuildFile; fileRef = E2C9A7F61A4E995F0029DBA7 /* GoogleMaps.framework */; };
		E2C9A7F91A4E9A260029DBA7 /* GoogleMaps.bundle in Resources */ = {isa = PBXBuildFile; fileRef = E2C9A7F81A4E9A260029DBA7 /* GoogleMaps.bundle */; };
		E2C9A7FB1A4E9A740029DBA7 /* AVFoundation.framework in Frameworks */ = {isa = PBXBuildFile; fileRef = E2C9A7FA1A4E9A740029DBA7 /* AVFoundation.framework */; };
		E2C9A7FD1A4E9A800029DBA7 /* CoreData.framework in Frameworks */ = {isa = PBXBuildFile; fileRef = E2C9A7FC1A4E9A800029DBA7 /* CoreData.framework */; };
		E2C9A7FF1A4E9A8C0029DBA7 /* CoreLocation.framework in Frameworks */ = {isa = PBXBuildFile; fileRef = E2C9A7FE1A4E9A8C0029DBA7 /* CoreLocation.framework */; };
		E2C9A8011A4E9A9A0029DBA7 /* CoreText.framework in Frameworks */ = {isa = PBXBuildFile; fileRef = E2C9A8001A4E9A9A0029DBA7 /* CoreText.framework */; };
		E2C9A8031A4E9AAD0029DBA7 /* GLKit.framework in Frameworks */ = {isa = PBXBuildFile; fileRef = E2C9A8021A4E9AAD0029DBA7 /* GLKit.framework */; };
		E2C9A8051A4E9AB80029DBA7 /* ImageIO.framework in Frameworks */ = {isa = PBXBuildFile; fileRef = E2C9A8041A4E9AB80029DBA7 /* ImageIO.framework */; };
		E2C9A8071A4E9ACA0029DBA7 /* libc++.dylib in Frameworks */ = {isa = PBXBuildFile; fileRef = E2C9A8061A4E9ACA0029DBA7 /* libc++.dylib */; };
		E2C9A8091A4E9AD90029DBA7 /* libicucore.dylib in Frameworks */ = {isa = PBXBuildFile; fileRef = E2C9A8081A4E9AD90029DBA7 /* libicucore.dylib */; };
		E2C9A80B1A4E9AE70029DBA7 /* libz.dylib in Frameworks */ = {isa = PBXBuildFile; fileRef = E2C9A80A1A4E9AE70029DBA7 /* libz.dylib */; };
		E2C9A80D1A4E9B110029DBA7 /* OpenGLES.framework in Frameworks */ = {isa = PBXBuildFile; fileRef = E2C9A80C1A4E9B110029DBA7 /* OpenGLES.framework */; };
		E2C9A80F1A4E9B1E0029DBA7 /* QuartzCore.framework in Frameworks */ = {isa = PBXBuildFile; fileRef = E2C9A80E1A4E9B1E0029DBA7 /* QuartzCore.framework */; };
		E2C9A8111A4E9B2B0029DBA7 /* SystemConfiguration.framework in Frameworks */ = {isa = PBXBuildFile; fileRef = E2C9A8101A4E9B2B0029DBA7 /* SystemConfiguration.framework */; };
		E2C9A8171A4EE7250029DBA7 /* NeabyMapViewController.m in Sources */ = {isa = PBXBuildFile; fileRef = E2C9A8161A4EE7250029DBA7 /* NeabyMapViewController.m */; };
		E2C9A81B1A502D670029DBA7 /* DistrictSchoolsViewController.m in Sources */ = {isa = PBXBuildFile; fileRef = E2C9A81A1A502D670029DBA7 /* DistrictSchoolsViewController.m */; };
		E2C9A81F1A5071CC0029DBA7 /* SingleDistrictViewController.m in Sources */ = {isa = PBXBuildFile; fileRef = E2C9A81E1A5071CC0029DBA7 /* SingleDistrictViewController.m */; };
		E2E856C81A44067900680528 /* schoolViewController.m in Sources */ = {isa = PBXBuildFile; fileRef = E2E856C71A44067900680528 /* schoolViewController.m */; };
		E2E856CE1A45779400680528 /* school.m in Sources */ = {isa = PBXBuildFile; fileRef = E2E856CD1A45779400680528 /* school.m */; };
		E2E856D21A457B6300680528 /* dataModel.m in Sources */ = {isa = PBXBuildFile; fileRef = E2E856D11A457B6300680528 /* dataModel.m */; };
		E2E856D51A457CA900680528 /* user.m in Sources */ = {isa = PBXBuildFile; fileRef = E2E856D41A457CA900680528 /* user.m */; };
		E2E856DC1A45B88700680528 /* NearbySchoolViewController.m in Sources */ = {isa = PBXBuildFile; fileRef = E2E856DB1A45B88700680528 /* NearbySchoolViewController.m */; };
/* End PBXBuildFile section */

/* Begin PBXContainerItemProxy section */
		E24019711A43417A00E75EBA /* PBXContainerItemProxy */ = {
			isa = PBXContainerItemProxy;
			containerPortal = E240194F1A43417800E75EBA /* Project object */;
			proxyType = 1;
			remoteGlobalIDString = E24019561A43417800E75EBA;
			remoteInfo = sculz;
		};
/* End PBXContainerItemProxy section */

/* Begin PBXFileReference section */
		E239E9EC1A4837AB00B1F71D /* RDVTabBar.h */ = {isa = PBXFileReference; fileEncoding = 4; lastKnownFileType = sourcecode.c.h; path = RDVTabBar.h; sourceTree = "<group>"; };
		E239E9ED1A4837AB00B1F71D /* RDVTabBar.m */ = {isa = PBXFileReference; fileEncoding = 4; lastKnownFileType = sourcecode.c.objc; path = RDVTabBar.m; sourceTree = "<group>"; };
		E239E9EE1A4837AB00B1F71D /* RDVTabBarController.h */ = {isa = PBXFileReference; fileEncoding = 4; lastKnownFileType = sourcecode.c.h; path = RDVTabBarController.h; sourceTree = "<group>"; };
		E239E9EF1A4837AB00B1F71D /* RDVTabBarController.m */ = {isa = PBXFileReference; fileEncoding = 4; lastKnownFileType = sourcecode.c.objc; path = RDVTabBarController.m; sourceTree = "<group>"; };
		E239E9F01A4837AB00B1F71D /* RDVTabBarItem.h */ = {isa = PBXFileReference; fileEncoding = 4; lastKnownFileType = sourcecode.c.h; path = RDVTabBarItem.h; sourceTree = "<group>"; };
		E239E9F11A4837AB00B1F71D /* RDVTabBarItem.m */ = {isa = PBXFileReference; fileEncoding = 4; lastKnownFileType = sourcecode.c.objc; path = RDVTabBarItem.m; sourceTree = "<group>"; };
		E239E9F61A486EA300B1F71D /* LoginViewController.h */ = {isa = PBXFileReference; fileEncoding = 4; lastKnownFileType = sourcecode.c.h; path = LoginViewController.h; sourceTree = "<group>"; };
		E239E9F71A486EA300B1F71D /* LoginViewController.m */ = {isa = PBXFileReference; fileEncoding = 4; lastKnownFileType = sourcecode.c.objc; path = LoginViewController.m; sourceTree = "<group>"; };
		E239E9FA1A493EC800B1F71D /* ServerManager.h */ = {isa = PBXFileReference; fileEncoding = 4; lastKnownFileType = sourcecode.c.h; path = ServerManager.h; sourceTree = "<group>"; };
		E239E9FB1A493EC800B1F71D /* ServerManager.m */ = {isa = PBXFileReference; fileEncoding = 4; lastKnownFileType = sourcecode.c.objc; path = ServerManager.m; sourceTree = "<group>"; };
		E239E9FE1A49A86500B1F71D /* StarRatingView.h */ = {isa = PBXFileReference; fileEncoding = 4; lastKnownFileType = sourcecode.c.h; path = StarRatingView.h; sourceTree = "<group>"; };
		E239E9FF1A49A86500B1F71D /* StarRatingView.m */ = {isa = PBXFileReference; fileEncoding = 4; lastKnownFileType = sourcecode.c.objc; path = StarRatingView.m; sourceTree = "<group>"; };
		E239EA021A4A962600B1F71D /* FXBlurView.h */ = {isa = PBXFileReference; fileEncoding = 4; lastKnownFileType = sourcecode.c.h; path = FXBlurView.h; sourceTree = "<group>"; };
		E239EA031A4A962600B1F71D /* FXBlurView.m */ = {isa = PBXFileReference; fileEncoding = 4; lastKnownFileType = sourcecode.c.objc; path = FXBlurView.m; sourceTree = "<group>"; };
		E239EA051A4A96FA00B1F71D /* Accelerate.framework */ = {isa = PBXFileReference; lastKnownFileType = wrapper.framework; name = Accelerate.framework; path = System/Library/Frameworks/Accelerate.framework; sourceTree = SDKROOT; };
		E24019571A43417800E75EBA /* sculz.app */ = {isa = PBXFileReference; explicitFileType = wrapper.application; includeInIndex = 0; path = sculz.app; sourceTree = BUILT_PRODUCTS_DIR; };
		E240195B1A43417800E75EBA /* Info.plist */ = {isa = PBXFileReference; lastKnownFileType = text.plist.xml; path = Info.plist; sourceTree = "<group>"; };
		E240195C1A43417800E75EBA /* main.m */ = {isa = PBXFileReference; lastKnownFileType = sourcecode.c.objc; path = main.m; sourceTree = "<group>"; };
		E240195E1A43417800E75EBA /* AppDelegate.h */ = {isa = PBXFileReference; lastKnownFileType = sourcecode.c.h; path = AppDelegate.h; sourceTree = "<group>"; };
		E240195F1A43417900E75EBA /* AppDelegate.m */ = {isa = PBXFileReference; lastKnownFileType = sourcecode.c.objc; path = AppDelegate.m; sourceTree = "<group>"; };
		E24019611A43417900E75EBA /* ViewController.h */ = {isa = PBXFileReference; lastKnownFileType = sourcecode.c.h; path = ViewController.h; sourceTree = "<group>"; };
		E24019621A43417900E75EBA /* ViewController.m */ = {isa = PBXFileReference; lastKnownFileType = sourcecode.c.objc; path = ViewController.m; sourceTree = "<group>"; };
		E24019651A43417900E75EBA /* Base */ = {isa = PBXFileReference; lastKnownFileType = file.storyboard; name = Base; path = Base.lproj/Main.storyboard; sourceTree = "<group>"; };
		E24019671A43417900E75EBA /* Images.xcassets */ = {isa = PBXFileReference; lastKnownFileType = folder.assetcatalog; path = Images.xcassets; sourceTree = "<group>"; };
		E240196A1A43417900E75EBA /* Base */ = {isa = PBXFileReference; lastKnownFileType = file.xib; name = Base; path = Base.lproj/LaunchScreen.xib; sourceTree = "<group>"; };
		E24019701A43417A00E75EBA /* sculzTests.xctest */ = {isa = PBXFileReference; explicitFileType = wrapper.cfbundle; includeInIndex = 0; path = sculzTests.xctest; sourceTree = BUILT_PRODUCTS_DIR; };
		E24019751A43417A00E75EBA /* Info.plist */ = {isa = PBXFileReference; lastKnownFileType = text.plist.xml; path = Info.plist; sourceTree = "<group>"; };
		E24019761A43417A00E75EBA /* sculzTests.m */ = {isa = PBXFileReference; lastKnownFileType = sourcecode.c.objc; path = sculzTests.m; sourceTree = "<group>"; };
		E256C5CB1A828D9E00715970 /* FacebookSDK.framework */ = {isa = PBXFileReference; lastKnownFileType = wrapper.framework; name = FacebookSDK.framework; path = ../FacebookSDK/FacebookSDK.framework; sourceTree = "<group>"; };
		E256C5CE1A8291AC00715970 /* firstPageViewController.h */ = {isa = PBXFileReference; fileEncoding = 4; lastKnownFileType = sourcecode.c.h; path = firstPageViewController.h; sourceTree = "<group>"; };
		E256C5CF1A8291AC00715970 /* firstPageViewController.m */ = {isa = PBXFileReference; fileEncoding = 4; lastKnownFileType = sourcecode.c.objc; path = firstPageViewController.m; sourceTree = "<group>"; };
		E256C5D11A8494A400715970 /* AddressBook.framework */ = {isa = PBXFileReference; lastKnownFileType = wrapper.framework; name = AddressBook.framework; path = System/Library/Frameworks/AddressBook.framework; sourceTree = SDKROOT; };
		E256C5D31A8494B000715970 /* AssetsLibrary.framework */ = {isa = PBXFileReference; lastKnownFileType = wrapper.framework; name = AssetsLibrary.framework; path = System/Library/Frameworks/AssetsLibrary.framework; sourceTree = SDKROOT; };
		E256C5D51A8494BE00715970 /* Foundation.framework */ = {isa = PBXFileReference; lastKnownFileType = wrapper.framework; name = Foundation.framework; path = System/Library/Frameworks/Foundation.framework; sourceTree = SDKROOT; };
		E256C5D71A8494D600715970 /* CoreMotion.framework */ = {isa = PBXFileReference; lastKnownFileType = wrapper.framework; name = CoreMotion.framework; path = System/Library/Frameworks/CoreMotion.framework; sourceTree = SDKROOT; };
		E256C5D91A8494E300715970 /* CoreGraphics.framework */ = {isa = PBXFileReference; lastKnownFileType = wrapper.framework; name = CoreGraphics.framework; path = System/Library/Frameworks/CoreGraphics.framework; sourceTree = SDKROOT; };
		E256C5DB1A8494FA00715970 /* MediaPlayer.framework */ = {isa = PBXFileReference; lastKnownFileType = wrapper.framework; name = MediaPlayer.framework; path = System/Library/Frameworks/MediaPlayer.framework; sourceTree = SDKROOT; };
		E256C5DD1A84950900715970 /* Security.framework */ = {isa = PBXFileReference; lastKnownFileType = wrapper.framework; name = Security.framework; path = System/Library/Frameworks/Security.framework; sourceTree = SDKROOT; };
		E256C5DF1A84952100715970 /* UIKit.framework */ = {isa = PBXFileReference; lastKnownFileType = wrapper.framework; name = UIKit.framework; path = System/Library/Frameworks/UIKit.framework; sourceTree = SDKROOT; };
		E256C5E31A8495AA00715970 /* GoogleOpenSource.framework */ = {isa = PBXFileReference; lastKnownFileType = wrapper.framework; name = GoogleOpenSource.framework; path = "../google-plus-ios-sdk-1.7.1/GoogleOpenSource.framework"; sourceTree = "<group>"; };
		E256C5E71A8496D400715970 /* GooglePlus.framework */ = {isa = PBXFileReference; lastKnownFileType = wrapper.framework; path = GooglePlus.framework; sourceTree = "<group>"; };
		E256C5E91A8496ED00715970 /* GooglePlus.bundle */ = {isa = PBXFileReference; lastKnownFileType = "wrapper.plug-in"; path = GooglePlus.bundle; sourceTree = "<group>"; };
		E2C9A7F61A4E995F0029DBA7 /* GoogleMaps.framework */ = {isa = PBXFileReference; lastKnownFileType = wrapper.framework; path = GoogleMaps.framework; sourceTree = "<group>"; };
		E2C9A7F81A4E9A260029DBA7 /* GoogleMaps.bundle */ = {isa = PBXFileReference; lastKnownFileType = "wrapper.plug-in"; name = GoogleMaps.bundle; path = GoogleMaps.framework/Versions/A/Resources/GoogleMaps.bundle; sourceTree = "<group>"; };
		E2C9A7FA1A4E9A740029DBA7 /* AVFoundation.framework */ = {isa = PBXFileReference; lastKnownFileType = wrapper.framework; name = AVFoundation.framework; path = System/Library/Frameworks/AVFoundation.framework; sourceTree = SDKROOT; };
		E2C9A7FC1A4E9A800029DBA7 /* CoreData.framework */ = {isa = PBXFileReference; lastKnownFileType = wrapper.framework; name = CoreData.framework; path = System/Library/Frameworks/CoreData.framework; sourceTree = SDKROOT; };
		E2C9A7FE1A4E9A8C0029DBA7 /* CoreLocation.framework */ = {isa = PBXFileReference; lastKnownFileType = wrapper.framework; name = CoreLocation.framework; path = System/Library/Frameworks/CoreLocation.framework; sourceTree = SDKROOT; };
		E2C9A8001A4E9A9A0029DBA7 /* CoreText.framework */ = {isa = PBXFileReference; lastKnownFileType = wrapper.framework; name = CoreText.framework; path = System/Library/Frameworks/CoreText.framework; sourceTree = SDKROOT; };
		E2C9A8021A4E9AAD0029DBA7 /* GLKit.framework */ = {isa = PBXFileReference; lastKnownFileType = wrapper.framework; name = GLKit.framework; path = System/Library/Frameworks/GLKit.framework; sourceTree = SDKROOT; };
		E2C9A8041A4E9AB80029DBA7 /* ImageIO.framework */ = {isa = PBXFileReference; lastKnownFileType = wrapper.framework; name = ImageIO.framework; path = System/Library/Frameworks/ImageIO.framework; sourceTree = SDKROOT; };
		E2C9A8061A4E9ACA0029DBA7 /* libc++.dylib */ = {isa = PBXFileReference; lastKnownFileType = "compiled.mach-o.dylib"; name = "libc++.dylib"; path = "usr/lib/libc++.dylib"; sourceTree = SDKROOT; };
		E2C9A8081A4E9AD90029DBA7 /* libicucore.dylib */ = {isa = PBXFileReference; lastKnownFileType = "compiled.mach-o.dylib"; name = libicucore.dylib; path = usr/lib/libicucore.dylib; sourceTree = SDKROOT; };
		E2C9A80A1A4E9AE70029DBA7 /* libz.dylib */ = {isa = PBXFileReference; lastKnownFileType = "compiled.mach-o.dylib"; name = libz.dylib; path = usr/lib/libz.dylib; sourceTree = SDKROOT; };
		E2C9A80C1A4E9B110029DBA7 /* OpenGLES.framework */ = {isa = PBXFileReference; lastKnownFileType = wrapper.framework; name = OpenGLES.framework; path = System/Library/Frameworks/OpenGLES.framework; sourceTree = SDKROOT; };
		E2C9A80E1A4E9B1E0029DBA7 /* QuartzCore.framework */ = {isa = PBXFileReference; lastKnownFileType = wrapper.framework; name = QuartzCore.framework; path = System/Library/Frameworks/QuartzCore.framework; sourceTree = SDKROOT; };
		E2C9A8101A4E9B2B0029DBA7 /* SystemConfiguration.framework */ = {isa = PBXFileReference; lastKnownFileType = wrapper.framework; name = SystemConfiguration.framework; path = System/Library/Frameworks/SystemConfiguration.framework; sourceTree = SDKROOT; };
		E2C9A8151A4EE7250029DBA7 /* NeabyMapViewController.h */ = {isa = PBXFileReference; fileEncoding = 4; lastKnownFileType = sourcecode.c.h; path = NeabyMapViewController.h; sourceTree = "<group>"; };
		E2C9A8161A4EE7250029DBA7 /* NeabyMapViewController.m */ = {isa = PBXFileReference; fileEncoding = 4; lastKnownFileType = sourcecode.c.objc; path = NeabyMapViewController.m; sourceTree = "<group>"; };
		E2C9A8191A502D670029DBA7 /* DistrictSchoolsViewController.h */ = {isa = PBXFileReference; fileEncoding = 4; lastKnownFileType = sourcecode.c.h; path = DistrictSchoolsViewController.h; sourceTree = "<group>"; };
		E2C9A81A1A502D670029DBA7 /* DistrictSchoolsViewController.m */ = {isa = PBXFileReference; fileEncoding = 4; lastKnownFileType = sourcecode.c.objc; path = DistrictSchoolsViewController.m; sourceTree = "<group>"; };
		E2C9A81D1A5071CC0029DBA7 /* SingleDistrictViewController.h */ = {isa = PBXFileReference; fileEncoding = 4; lastKnownFileType = sourcecode.c.h; path = SingleDistrictViewController.h; sourceTree = "<group>"; };
		E2C9A81E1A5071CC0029DBA7 /* SingleDistrictViewController.m */ = {isa = PBXFileReference; fileEncoding = 4; lastKnownFileType = sourcecode.c.objc; path = SingleDistrictViewController.m; sourceTree = "<group>"; };
		E2E856C61A44067900680528 /* schoolViewController.h */ = {isa = PBXFileReference; fileEncoding = 4; lastKnownFileType = sourcecode.c.h; path = schoolViewController.h; sourceTree = "<group>"; };
		E2E856C71A44067900680528 /* schoolViewController.m */ = {isa = PBXFileReference; fileEncoding = 4; lastKnownFileType = sourcecode.c.objc; path = schoolViewController.m; sourceTree = "<group>"; };
		E2E856CA1A44078600680528 /* constants.h */ = {isa = PBXFileReference; lastKnownFileType = sourcecode.c.h; path = constants.h; sourceTree = "<group>"; };
		E2E856CC1A45779400680528 /* school.h */ = {isa = PBXFileReference; fileEncoding = 4; lastKnownFileType = sourcecode.c.h; path = school.h; sourceTree = "<group>"; };
		E2E856CD1A45779400680528 /* school.m */ = {isa = PBXFileReference; fileEncoding = 4; lastKnownFileType = sourcecode.c.objc; path = school.m; sourceTree = "<group>"; };
		E2E856D01A457B6300680528 /* dataModel.h */ = {isa = PBXFileReference; fileEncoding = 4; lastKnownFileType = sourcecode.c.h; path = dataModel.h; sourceTree = "<group>"; };
		E2E856D11A457B6300680528 /* dataModel.m */ = {isa = PBXFileReference; fileEncoding = 4; lastKnownFileType = sourcecode.c.objc; path = dataModel.m; sourceTree = "<group>"; };
		E2E856D31A457CA900680528 /* user.h */ = {isa = PBXFileReference; fileEncoding = 4; lastKnownFileType = sourcecode.c.h; path = user.h; sourceTree = "<group>"; };
		E2E856D41A457CA900680528 /* user.m */ = {isa = PBXFileReference; fileEncoding = 4; lastKnownFileType = sourcecode.c.objc; path = user.m; sourceTree = "<group>"; };
		E2E856DA1A45B88700680528 /* NearbySchoolViewController.h */ = {isa = PBXFileReference; fileEncoding = 4; lastKnownFileType = sourcecode.c.h; path = NearbySchoolViewController.h; sourceTree = "<group>"; };
		E2E856DB1A45B88700680528 /* NearbySchoolViewController.m */ = {isa = PBXFileReference; fileEncoding = 4; lastKnownFileType = sourcecode.c.objc; path = NearbySchoolViewController.m; sourceTree = "<group>"; };
/* End PBXFileReference section */

/* Begin PBXFrameworksBuildPhase section */
		E24019541A43417800E75EBA /* Frameworks */ = {
			isa = PBXFrameworksBuildPhase;
			buildActionMask = 2147483647;
			files = (
				E256C5E01A84952100715970 /* UIKit.framework in Frameworks */,
				E256C5DE1A84950900715970 /* Security.framework in Frameworks */,
				E256C5DC1A8494FA00715970 /* MediaPlayer.framework in Frameworks */,
				E2C9A8011A4E9A9A0029DBA7 /* CoreText.framework in Frameworks */,
				E256C5DA1A8494E300715970 /* CoreGraphics.framework in Frameworks */,
				E256C5E81A8496D400715970 /* GooglePlus.framework in Frameworks */,
				E256C5D81A8494D600715970 /* CoreMotion.framework in Frameworks */,
				E256C5D61A8494BE00715970 /* Foundation.framework in Frameworks */,
				E256C5D41A8494B000715970 /* AssetsLibrary.framework in Frameworks */,
				E256C5D21A8494A400715970 /* AddressBook.framework in Frameworks */,
				E2C9A8111A4E9B2B0029DBA7 /* SystemConfiguration.framework in Frameworks */,
				E2C9A80F1A4E9B1E0029DBA7 /* QuartzCore.framework in Frameworks */,
				E2C9A80D1A4E9B110029DBA7 /* OpenGLES.framework in Frameworks */,
				E2C9A80B1A4E9AE70029DBA7 /* libz.dylib in Frameworks */,
				E2C9A8091A4E9AD90029DBA7 /* libicucore.dylib in Frameworks */,
				E2C9A8071A4E9ACA0029DBA7 /* libc++.dylib in Frameworks */,
				E2C9A8051A4E9AB80029DBA7 /* ImageIO.framework in Frameworks */,
				E2C9A8031A4E9AAD0029DBA7 /* GLKit.framework in Frameworks */,
				E2C9A7FF1A4E9A8C0029DBA7 /* CoreLocation.framework in Frameworks */,
				E2C9A7FD1A4E9A800029DBA7 /* CoreData.framework in Frameworks */,
				E256C5CC1A828D9E00715970 /* FacebookSDK.framework in Frameworks */,
				E2C9A7FB1A4E9A740029DBA7 /* AVFoundation.framework in Frameworks */,
				E2C9A7F71A4E995F0029DBA7 /* GoogleMaps.framework in Frameworks */,
				E256C5E41A8495AA00715970 /* GoogleOpenSource.framework in Frameworks */,
				E239EA061A4A96FA00B1F71D /* Accelerate.framework in Frameworks */,
			);
			runOnlyForDeploymentPostprocessing = 0;
		};
		E240196D1A43417A00E75EBA /* Frameworks */ = {
			isa = PBXFrameworksBuildPhase;
			buildActionMask = 2147483647;
			files = (
			);
			runOnlyForDeploymentPostprocessing = 0;
		};
/* End PBXFrameworksBuildPhase section */

/* Begin PBXGroup section */
		E239E9EA1A47FD8700B1F71D /* External Libraries */ = {
			isa = PBXGroup;
			children = (
				E239EA011A4A962600B1F71D /* FXBlurView */,
				E239E9FD1A49A81200B1F71D /* Rating View */,
				E239E9EB1A4837AB00B1F71D /* RDVTabBarController */,
			);
			name = "External Libraries";
			sourceTree = "<group>";
		};
		E239E9EB1A4837AB00B1F71D /* RDVTabBarController */ = {
			isa = PBXGroup;
			children = (
				E239E9EC1A4837AB00B1F71D /* RDVTabBar.h */,
				E239E9ED1A4837AB00B1F71D /* RDVTabBar.m */,
				E239E9EE1A4837AB00B1F71D /* RDVTabBarController.h */,
				E239E9EF1A4837AB00B1F71D /* RDVTabBarController.m */,
				E239E9F01A4837AB00B1F71D /* RDVTabBarItem.h */,
				E239E9F11A4837AB00B1F71D /* RDVTabBarItem.m */,
			);
			path = RDVTabBarController;
			sourceTree = "<group>";
		};
		E239E9F51A486E7A00B1F71D /* Login View */ = {
			isa = PBXGroup;
			children = (
				E239E9F61A486EA300B1F71D /* LoginViewController.h */,
				E239E9F71A486EA300B1F71D /* LoginViewController.m */,
			);
			name = "Login View";
			sourceTree = "<group>";
		};
		E239E9F91A493E5F00B1F71D /* Backend class */ = {
			isa = PBXGroup;
			children = (
				E239E9FA1A493EC800B1F71D /* ServerManager.h */,
				E239E9FB1A493EC800B1F71D /* ServerManager.m */,
			);
			name = "Backend class";
			sourceTree = "<group>";
		};
		E239E9FD1A49A81200B1F71D /* Rating View */ = {
			isa = PBXGroup;
			children = (
				E239E9FE1A49A86500B1F71D /* StarRatingView.h */,
				E239E9FF1A49A86500B1F71D /* StarRatingView.m */,
			);
			name = "Rating View";
			sourceTree = "<group>";
		};
		E239EA011A4A962600B1F71D /* FXBlurView */ = {
			isa = PBXGroup;
			children = (
				E239EA021A4A962600B1F71D /* FXBlurView.h */,
				E239EA031A4A962600B1F71D /* FXBlurView.m */,
			);
			path = FXBlurView;
			sourceTree = "<group>";
		};
		E240194E1A43417800E75EBA = {
			isa = PBXGroup;
			children = (
				E24019591A43417800E75EBA /* sculz */,
				E24019731A43417A00E75EBA /* sculzTests */,
				E24019581A43417800E75EBA /* Products */,
				E24381EF1A4BF45000DBEA85 /* Frameworks */,
			);
			sourceTree = "<group>";
		};
		E24019581A43417800E75EBA /* Products */ = {
			isa = PBXGroup;
			children = (
				E24019571A43417800E75EBA /* sculz.app */,
				E24019701A43417A00E75EBA /* sculzTests.xctest */,
			);
			name = Products;
			sourceTree = "<group>";
		};
		E24019591A43417800E75EBA /* sculz */ = {
			isa = PBXGroup;
			children = (
				E256C5E91A8496ED00715970 /* GooglePlus.bundle */,
				E239E9F91A493E5F00B1F71D /* Backend class */,
				E239E9EA1A47FD8700B1F71D /* External Libraries */,
				E2E856CF1A457B3B00680528 /* Data Model */,
				E2E856CB1A45776900680528 /* Single Method Classes */,
				E2E856C91A44076F00680528 /* constants */,
				E2E856C51A4405E200680528 /* Views */,
				E240195E1A43417800E75EBA /* AppDelegate.h */,
				E240195F1A43417900E75EBA /* AppDelegate.m */,
				E24019611A43417900E75EBA /* ViewController.h */,
				E24019621A43417900E75EBA /* ViewController.m */,
				E24019641A43417900E75EBA /* Main.storyboard */,
				E24019671A43417900E75EBA /* Images.xcassets */,
				E24019691A43417900E75EBA /* LaunchScreen.xib */,
				E240195A1A43417800E75EBA /* Supporting Files */,
			);
			path = sculz;
			sourceTree = "<group>";
		};
		E240195A1A43417800E75EBA /* Supporting Files */ = {
			isa = PBXGroup;
			children = (
				E240195B1A43417800E75EBA /* Info.plist */,
				E240195C1A43417800E75EBA /* main.m */,
			);
			name = "Supporting Files";
			sourceTree = "<group>";
		};
		E24019731A43417A00E75EBA /* sculzTests */ = {
			isa = PBXGroup;
			children = (
				E24019761A43417A00E75EBA /* sculzTests.m */,
				E24019741A43417A00E75EBA /* Supporting Files */,
			);
			path = sculzTests;
			sourceTree = "<group>";
		};
		E24019741A43417A00E75EBA /* Supporting Files */ = {
			isa = PBXGroup;
			children = (
				E24019751A43417A00E75EBA /* Info.plist */,
			);
			name = "Supporting Files";
			sourceTree = "<group>";
		};
		E24381EF1A4BF45000DBEA85 /* Frameworks */ = {
			isa = PBXGroup;
			children = (
				E256C5E71A8496D400715970 /* GooglePlus.framework */,
				E256C5E31A8495AA00715970 /* GoogleOpenSource.framework */,
				E256C5DF1A84952100715970 /* UIKit.framework */,
				E256C5DD1A84950900715970 /* Security.framework */,
				E256C5DB1A8494FA00715970 /* MediaPlayer.framework */,
				E256C5D91A8494E300715970 /* CoreGraphics.framework */,
				E256C5D71A8494D600715970 /* CoreMotion.framework */,
				E256C5D51A8494BE00715970 /* Foundation.framework */,
				E256C5D31A8494B000715970 /* AssetsLibrary.framework */,
				E256C5D11A8494A400715970 /* AddressBook.framework */,
				E256C5CB1A828D9E00715970 /* FacebookSDK.framework */,
				E2C9A8101A4E9B2B0029DBA7 /* SystemConfiguration.framework */,
				E2C9A80E1A4E9B1E0029DBA7 /* QuartzCore.framework */,
				E2C9A80C1A4E9B110029DBA7 /* OpenGLES.framework */,
				E2C9A80A1A4E9AE70029DBA7 /* libz.dylib */,
				E2C9A8081A4E9AD90029DBA7 /* libicucore.dylib */,
				E2C9A8061A4E9ACA0029DBA7 /* libc++.dylib */,
				E2C9A8041A4E9AB80029DBA7 /* ImageIO.framework */,
				E2C9A8021A4E9AAD0029DBA7 /* GLKit.framework */,
				E2C9A8001A4E9A9A0029DBA7 /* CoreText.framework */,
				E2C9A7FE1A4E9A8C0029DBA7 /* CoreLocation.framework */,
				E2C9A7FC1A4E9A800029DBA7 /* CoreData.framework */,
				E2C9A7FA1A4E9A740029DBA7 /* AVFoundation.framework */,
				E2C9A7F81A4E9A260029DBA7 /* GoogleMaps.bundle */,
				E2C9A7F61A4E995F0029DBA7 /* GoogleMaps.framework */,
				E239EA051A4A96FA00B1F71D /* Accelerate.framework */,
			);
			name = Frameworks;
			sourceTree = "<group>";
		};
		E256C5CD1A82918400715970 /* first page view */ = {
			isa = PBXGroup;
			children = (
				E256C5CE1A8291AC00715970 /* firstPageViewController.h */,
				E256C5CF1A8291AC00715970 /* firstPageViewController.m */,
			);
			name = "first page view";
			sourceTree = "<group>";
		};
		E2C9A8141A4EE6A50029DBA7 /* Nearby Map View */ = {
			isa = PBXGroup;
			children = (
				E2C9A8151A4EE7250029DBA7 /* NeabyMapViewController.h */,
				E2C9A8161A4EE7250029DBA7 /* NeabyMapViewController.m */,
			);
			name = "Nearby Map View";
			sourceTree = "<group>";
		};
		E2C9A8181A502D170029DBA7 /* District Wise Schools */ = {
			isa = PBXGroup;
			children = (
				E2C9A8191A502D670029DBA7 /* DistrictSchoolsViewController.h */,
				E2C9A81A1A502D670029DBA7 /* DistrictSchoolsViewController.m */,
			);
			name = "District Wise Schools";
			sourceTree = "<group>";
		};
		E2C9A81C1A50718E0029DBA7 /* Each District Schools */ = {
			isa = PBXGroup;
			children = (
				E2C9A81D1A5071CC0029DBA7 /* SingleDistrictViewController.h */,
				E2C9A81E1A5071CC0029DBA7 /* SingleDistrictViewController.m */,
			);
			name = "Each District Schools";
			sourceTree = "<group>";
		};
		E2E856C51A4405E200680528 /* Views */ = {
			isa = PBXGroup;
			children = (
				E256C5CD1A82918400715970 /* first page view */,
				E2C9A81C1A50718E0029DBA7 /* Each District Schools */,
				E2C9A8181A502D170029DBA7 /* District Wise Schools */,
				E2C9A8141A4EE6A50029DBA7 /* Nearby Map View */,
				E239E9F51A486E7A00B1F71D /* Login View */,
				E2E856D91A45B83700680528 /* Nearby Schools TableView */,
				E2E856D81A45B7FE00680528 /* School View */,
			);
			name = Views;
			sourceTree = "<group>";
		};
		E2E856C91A44076F00680528 /* constants */ = {
			isa = PBXGroup;
			children = (
				E2E856CA1A44078600680528 /* constants.h */,
			);
			name = constants;
			sourceTree = "<group>";
		};
		E2E856CB1A45776900680528 /* Single Method Classes */ = {
			isa = PBXGroup;
			children = (
				E2E856D71A457CD000680528 /* user */,
				E2E856D61A457CB600680528 /* school */,
			);
			name = "Single Method Classes";
			sourceTree = "<group>";
		};
		E2E856CF1A457B3B00680528 /* Data Model */ = {
			isa = PBXGroup;
			children = (
				E2E856D01A457B6300680528 /* dataModel.h */,
				E2E856D11A457B6300680528 /* dataModel.m */,
			);
			name = "Data Model";
			sourceTree = "<group>";
		};
		E2E856D61A457CB600680528 /* school */ = {
			isa = PBXGroup;
			children = (
				E2E856CC1A45779400680528 /* school.h */,
				E2E856CD1A45779400680528 /* school.m */,
			);
			name = school;
			sourceTree = "<group>";
		};
		E2E856D71A457CD000680528 /* user */ = {
			isa = PBXGroup;
			children = (
				E2E856D31A457CA900680528 /* user.h */,
				E2E856D41A457CA900680528 /* user.m */,
			);
			name = user;
			sourceTree = "<group>";
		};
		E2E856D81A45B7FE00680528 /* School View */ = {
			isa = PBXGroup;
			children = (
				E2E856C61A44067900680528 /* schoolViewController.h */,
				E2E856C71A44067900680528 /* schoolViewController.m */,
			);
			name = "School View";
			sourceTree = "<group>";
		};
		E2E856D91A45B83700680528 /* Nearby Schools TableView */ = {
			isa = PBXGroup;
			children = (
				E2E856DA1A45B88700680528 /* NearbySchoolViewController.h */,
				E2E856DB1A45B88700680528 /* NearbySchoolViewController.m */,
			);
			name = "Nearby Schools TableView";
			sourceTree = "<group>";
		};
/* End PBXGroup section */

/* Begin PBXNativeTarget section */
		E24019561A43417800E75EBA /* sculz */ = {
			isa = PBXNativeTarget;
			buildConfigurationList = E240197A1A43417A00E75EBA /* Build configuration list for PBXNativeTarget "sculz" */;
			buildPhases = (
				E24019531A43417800E75EBA /* Sources */,
				E24019541A43417800E75EBA /* Frameworks */,
				E24019551A43417800E75EBA /* Resources */,
			);
			buildRules = (
			);
			dependencies = (
			);
			name = sculz;
			productName = sculz;
			productReference = E24019571A43417800E75EBA /* sculz.app */;
			productType = "com.apple.product-type.application";
		};
		E240196F1A43417A00E75EBA /* sculzTests */ = {
			isa = PBXNativeTarget;
			buildConfigurationList = E240197D1A43417A00E75EBA /* Build configuration list for PBXNativeTarget "sculzTests" */;
			buildPhases = (
				E240196C1A43417A00E75EBA /* Sources */,
				E240196D1A43417A00E75EBA /* Frameworks */,
				E240196E1A43417A00E75EBA /* Resources */,
			);
			buildRules = (
			);
			dependencies = (
				E24019721A43417A00E75EBA /* PBXTargetDependency */,
			);
			name = sculzTests;
			productName = sculzTests;
			productReference = E24019701A43417A00E75EBA /* sculzTests.xctest */;
			productType = "com.apple.product-type.bundle.unit-test";
		};
/* End PBXNativeTarget section */

/* Begin PBXProject section */
		E240194F1A43417800E75EBA /* Project object */ = {
			isa = PBXProject;
			attributes = {
				LastUpgradeCheck = 0610;
				ORGANIZATIONNAME = self;
				TargetAttributes = {
					E24019561A43417800E75EBA = {
						CreatedOnToolsVersion = 6.1;
					};
					E240196F1A43417A00E75EBA = {
						CreatedOnToolsVersion = 6.1;
						TestTargetID = E24019561A43417800E75EBA;
					};
				};
			};
			buildConfigurationList = E24019521A43417800E75EBA /* Build configuration list for PBXProject "sculz" */;
			compatibilityVersion = "Xcode 3.2";
			developmentRegion = English;
			hasScannedForEncodings = 0;
			knownRegions = (
				en,
				Base,
			);
			mainGroup = E240194E1A43417800E75EBA;
			productRefGroup = E24019581A43417800E75EBA /* Products */;
			projectDirPath = "";
			projectRoot = "";
			targets = (
				E24019561A43417800E75EBA /* sculz */,
				E240196F1A43417A00E75EBA /* sculzTests */,
			);
		};
/* End PBXProject section */

/* Begin PBXResourcesBuildPhase section */
		E24019551A43417800E75EBA /* Resources */ = {
			isa = PBXResourcesBuildPhase;
			buildActionMask = 2147483647;
			files = (
				E24019661A43417900E75EBA /* Main.storyboard in Resources */,
				E256C5EA1A8496ED00715970 /* GooglePlus.bundle in Resources */,
				E240196B1A43417900E75EBA /* LaunchScreen.xib in Resources */,
				E24019681A43417900E75EBA /* Images.xcassets in Resources */,
				E2C9A7F91A4E9A260029DBA7 /* GoogleMaps.bundle in Resources */,
			);
			runOnlyForDeploymentPostprocessing = 0;
		};
		E240196E1A43417A00E75EBA /* Resources */ = {
			isa = PBXResourcesBuildPhase;
			buildActionMask = 2147483647;
			files = (
			);
			runOnlyForDeploymentPostprocessing = 0;
		};
/* End PBXResourcesBuildPhase section */

/* Begin PBXSourcesBuildPhase section */
		E24019531A43417800E75EBA /* Sources */ = {
			isa = PBXSourcesBuildPhase;
			buildActionMask = 2147483647;
			files = (
				E2E856CE1A45779400680528 /* school.m in Sources */,
				E2E856C81A44067900680528 /* schoolViewController.m in Sources */,
				E239EA041A4A962600B1F71D /* FXBlurView.m in Sources */,
				E24019631A43417900E75EBA /* ViewController.m in Sources */,
				E2E856D21A457B6300680528 /* dataModel.m in Sources */,
				E2E856D51A457CA900680528 /* user.m in Sources */,
				E24019601A43417900E75EBA /* AppDelegate.m in Sources */,
				E239E9F31A4837AB00B1F71D /* RDVTabBarController.m in Sources */,
				E239E9F41A4837AB00B1F71D /* RDVTabBarItem.m in Sources */,
				E239E9F81A486EA300B1F71D /* LoginViewController.m in Sources */,
				E240195D1A43417800E75EBA /* main.m in Sources */,
				E2C9A81B1A502D670029DBA7 /* DistrictSchoolsViewController.m in Sources */,
				E2E856DC1A45B88700680528 /* NearbySchoolViewController.m in Sources */,
				E239E9F21A4837AB00B1F71D /* RDVTabBar.m in Sources */,
				E256C5D01A8291AC00715970 /* firstPageViewController.m in Sources */,
				E2C9A81F1A5071CC0029DBA7 /* SingleDistrictViewController.m in Sources */,
				E239E9FC1A493EC800B1F71D /* ServerManager.m in Sources */,
				E239EA001A49A86500B1F71D /* StarRatingView.m in Sources */,
				E2C9A8171A4EE7250029DBA7 /* NeabyMapViewController.m in Sources */,
			);
			runOnlyForDeploymentPostprocessing = 0;
		};
		E240196C1A43417A00E75EBA /* Sources */ = {
			isa = PBXSourcesBuildPhase;
			buildActionMask = 2147483647;
			files = (
				E24019771A43417A00E75EBA /* sculzTests.m in Sources */,
			);
			runOnlyForDeploymentPostprocessing = 0;
		};
/* End PBXSourcesBuildPhase section */

/* Begin PBXTargetDependency section */
		E24019721A43417A00E75EBA /* PBXTargetDependency */ = {
			isa = PBXTargetDependency;
			target = E24019561A43417800E75EBA /* sculz */;
			targetProxy = E24019711A43417A00E75EBA /* PBXContainerItemProxy */;
		};
/* End PBXTargetDependency section */

/* Begin PBXVariantGroup section */
		E24019641A43417900E75EBA /* Main.storyboard */ = {
			isa = PBXVariantGroup;
			children = (
				E24019651A43417900E75EBA /* Base */,
			);
			name = Main.storyboard;
			sourceTree = "<group>";
		};
		E24019691A43417900E75EBA /* LaunchScreen.xib */ = {
			isa = PBXVariantGroup;
			children = (
				E240196A1A43417900E75EBA /* Base */,
			);
			name = LaunchScreen.xib;
			sourceTree = "<group>";
		};
/* End PBXVariantGroup section */

/* Begin XCBuildConfiguration section */
		E24019781A43417A00E75EBA /* Debug */ = {
			isa = XCBuildConfiguration;
			buildSettings = {
				ALWAYS_SEARCH_USER_PATHS = NO;
				ARCHS = "$(ARCHS_STANDARD)";
				CLANG_CXX_LANGUAGE_STANDARD = "gnu++0x";
				CLANG_CXX_LIBRARY = "libc++";
				CLANG_ENABLE_MODULES = YES;
				CLANG_ENABLE_OBJC_ARC = YES;
				CLANG_WARN_BOOL_CONVERSION = YES;
				CLANG_WARN_CONSTANT_CONVERSION = YES;
				CLANG_WARN_DIRECT_OBJC_ISA_USAGE = YES_ERROR;
				CLANG_WARN_EMPTY_BODY = YES;
				CLANG_WARN_ENUM_CONVERSION = YES;
				CLANG_WARN_INT_CONVERSION = YES;
				CLANG_WARN_OBJC_ROOT_CLASS = YES_ERROR;
				CLANG_WARN_UNREACHABLE_CODE = YES;
				CLANG_WARN__DUPLICATE_METHOD_MATCH = YES;
				"CODE_SIGN_IDENTITY[sdk=iphoneos*]" = "iPhone Developer";
				COPY_PHASE_STRIP = NO;
				ENABLE_STRICT_OBJC_MSGSEND = YES;
				GCC_C_LANGUAGE_STANDARD = gnu99;
				GCC_DYNAMIC_NO_PIC = NO;
				GCC_OPTIMIZATION_LEVEL = 0;
				GCC_PREPROCESSOR_DEFINITIONS = (
					"DEBUG=1",
					"$(inherited)",
				);
				GCC_SYMBOLS_PRIVATE_EXTERN = NO;
				GCC_WARN_64_TO_32_BIT_CONVERSION = YES;
				GCC_WARN_ABOUT_RETURN_TYPE = YES_ERROR;
				GCC_WARN_UNDECLARED_SELECTOR = YES;
				GCC_WARN_UNINITIALIZED_AUTOS = YES_AGGRESSIVE;
				GCC_WARN_UNUSED_FUNCTION = YES;
				GCC_WARN_UNUSED_VARIABLE = YES;
				IPHONEOS_DEPLOYMENT_TARGET = 7.0;
				MTL_ENABLE_DEBUG_INFO = YES;
				ONLY_ACTIVE_ARCH = NO;
				SDKROOT = iphoneos;
			};
			name = Debug;
		};
		E24019791A43417A00E75EBA /* Release */ = {
			isa = XCBuildConfiguration;
			buildSettings = {
				ALWAYS_SEARCH_USER_PATHS = NO;
				ARCHS = "$(ARCHS_STANDARD)";
				CLANG_CXX_LANGUAGE_STANDARD = "gnu++0x";
				CLANG_CXX_LIBRARY = "libc++";
				CLANG_ENABLE_MODULES = YES;
				CLANG_ENABLE_OBJC_ARC = YES;
				CLANG_WARN_BOOL_CONVERSION = YES;
				CLANG_WARN_CONSTANT_CONVERSION = YES;
				CLANG_WARN_DIRECT_OBJC_ISA_USAGE = YES_ERROR;
				CLANG_WARN_EMPTY_BODY = YES;
				CLANG_WARN_ENUM_CONVERSION = YES;
				CLANG_WARN_INT_CONVERSION = YES;
				CLANG_WARN_OBJC_ROOT_CLASS = YES_ERROR;
				CLANG_WARN_UNREACHABLE_CODE = YES;
				CLANG_WARN__DUPLICATE_METHOD_MATCH = YES;
				"CODE_SIGN_IDENTITY[sdk=iphoneos*]" = "iPhone Developer";
				COPY_PHASE_STRIP = YES;
				ENABLE_NS_ASSERTIONS = NO;
				ENABLE_STRICT_OBJC_MSGSEND = YES;
				GCC_C_LANGUAGE_STANDARD = gnu99;
				GCC_WARN_64_TO_32_BIT_CONVERSION = YES;
				GCC_WARN_ABOUT_RETURN_TYPE = YES_ERROR;
				GCC_WARN_UNDECLARED_SELECTOR = YES;
				GCC_WARN_UNINITIALIZED_AUTOS = YES_AGGRESSIVE;
				GCC_WARN_UNUSED_FUNCTION = YES;
				GCC_WARN_UNUSED_VARIABLE = YES;
				IPHONEOS_DEPLOYMENT_TARGET = 7.0;
				MTL_ENABLE_DEBUG_INFO = NO;
				ONLY_ACTIVE_ARCH = NO;
				SDKROOT = iphoneos;
				VALIDATE_PRODUCT = YES;
			};
			name = Release;
		};
		E240197B1A43417A00E75EBA /* Debug */ = {
			isa = XCBuildConfiguration;
			buildSettings = {
				ASSETCATALOG_COMPILER_APPICON_NAME = AppIcon;
				FRAMEWORK_SEARCH_PATHS = (
					"$(inherited)",
					"/Users/vivek/Downloads/LoginAndSignUpTutorial-master",
					"$(PROJECT_DIR)",
					/Users/vivek/Documents/FacebookSDK,
					"/Users/vivek/Documents/google-plus-ios-sdk-1.7.1",
				);
				INFOPLIST_FILE = sculz/Info.plist;
				IPHONEOS_DEPLOYMENT_TARGET = 7.0;
				LD_RUNPATH_SEARCH_PATHS = "$(inherited) @executable_path/Frameworks";
				OTHER_LDFLAGS = "-ObjC";
				PRODUCT_NAME = "$(TARGET_NAME)";
				TARGETED_DEVICE_FAMILY = 1;
				VALID_ARCHS = "armv7 armv7s arm64";
			};
			name = Debug;
		};
		E240197C1A43417A00E75EBA /* Release */ = {
			isa = XCBuildConfiguration;
			buildSettings = {
				ASSETCATALOG_COMPILER_APPICON_NAME = AppIcon;
				FRAMEWORK_SEARCH_PATHS = (
					"$(inherited)",
					"/Users/vivek/Downloads/LoginAndSignUpTutorial-master",
					"$(PROJECT_DIR)",
					/Users/vivek/Documents/FacebookSDK,
					"/Users/vivek/Documents/google-plus-ios-sdk-1.7.1",
				);
				INFOPLIST_FILE = sculz/Info.plist;
				IPHONEOS_DEPLOYMENT_TARGET = 7.0;
				LD_RUNPATH_SEARCH_PATHS = "$(inherited) @executable_path/Frameworks";
				OTHER_LDFLAGS = "-ObjC";
				PRODUCT_NAME = "$(TARGET_NAME)";
				TARGETED_DEVICE_FAMILY = 1;
				VALID_ARCHS = "armv7 armv7s arm64";
			};
			name = Release;
		};
		E240197E1A43417A00E75EBA /* Debug */ = {
			isa = XCBuildConfiguration;
			buildSettings = {
				BUNDLE_LOADER = "$(TEST_HOST)";
				FRAMEWORK_SEARCH_PATHS = (
					"$(SDKROOT)/Developer/Library/Frameworks",
					"$(inherited)",
				);
				GCC_PREPROCESSOR_DEFINITIONS = (
					"DEBUG=1",
					"$(inherited)",
				);
				INFOPLIST_FILE = sculzTests/Info.plist;
				LD_RUNPATH_SEARCH_PATHS = "$(inherited) @executable_path/Frameworks @loader_path/Frameworks";
				PRODUCT_NAME = "$(TARGET_NAME)";
				TEST_HOST = "$(BUILT_PRODUCTS_DIR)/sculz.app/sculz";
			};
			name = Debug;
		};
		E240197F1A43417A00E75EBA /* Release */ = {
			isa = XCBuildConfiguration;
			buildSettings = {
				BUNDLE_LOADER = "$(TEST_HOST)";
				FRAMEWORK_SEARCH_PATHS = (
					"$(SDKROOT)/Developer/Library/Frameworks",
					"$(inherited)",
				);
				INFOPLIST_FILE = sculzTests/Info.plist;
				LD_RUNPATH_SEARCH_PATHS = "$(inherited) @executable_path/Frameworks @loader_path/Frameworks";
				PRODUCT_NAME = "$(TARGET_NAME)";
				TEST_HOST = "$(BUILT_PRODUCTS_DIR)/sculz.app/sculz";
			};
			name = Release;
		};
/* End XCBuildConfiguration section */

/* Begin XCConfigurationList section */
		E24019521A43417800E75EBA /* Build configuration list for PBXProject "sculz" */ = {
			isa = XCConfigurationList;
			buildConfigurations = (
				E24019781A43417A00E75EBA /* Debug */,
				E24019791A43417A00E75EBA /* Release */,
			);
			defaultConfigurationIsVisible = 0;
			defaultConfigurationName = Release;
		};
		E240197A1A43417A00E75EBA /* Build configuration list for PBXNativeTarget "sculz" */ = {
			isa = XCConfigurationList;
			buildConfigurations = (
				E240197B1A43417A00E75EBA /* Debug */,
				E240197C1A43417A00E75EBA /* Release */,
			);
			defaultConfigurationIsVisible = 0;
			defaultConfigurationName = Release;
		};
		E240197D1A43417A00E75EBA /* Build configuration list for PBXNativeTarget "sculzTests" */ = {
			isa = XCConfigurationList;
			buildConfigurations = (
				E240197E1A43417A00E75EBA /* Debug */,
				E240197F1A43417A00E75EBA /* Release */,
			);
			defaultConfigurationIsVisible = 0;
			defaultConfigurationName = Release;
		};
/* End XCConfigurationList section */
	};
	rootObject = E240194F1A43417800E75EBA /* Project object */;
}
